
Microsoft Visual Studio Solution File, Format Version 12.00
# Visual Studio Version 17
VisualStudioVersion = 17.14.37012.4 d17.14
MinimumVisualStudioVersion = 10.0.40219.1
Project("{FAE04EC0-301F-11D3-BF4B-00C04F79EFBC}") = "AppMVC", "AppMVC.csproj", "{948A179D-76BB-47E0-97A0-D93961189265}"
EndProject
Global
	GlobalSection(SolutionConfigurationPlatforms) = preSolution
		Debug|Any CPU = Debug|Any CPU
		Release|Any CPU = Release|Any CPU
	EndGlobalSection
	GlobalSection(ProjectConfigurationPlatforms) = postSolution
		{948A179D-76BB-47E0-97A0-D93961189265}.Debug|Any CPU.ActiveCfg = Debug|Any CPU
		{948A179D-76BB-47E0-97A0-D93961189265}.Debug|Any CPU.Build.0 = Debug|Any CPU
		{948A179D-76BB-47E0-97A0-D93961189265}.Release|Any CPU.ActiveCfg = Release|Any CPU
		{948A179D-76BB-47E0-97A0-D93961189265}.Release|Any CPU.Build.0 = Release|Any CPU
	EndGlobalSection
	GlobalSection(SolutionProperties) = preSolution
		HideSolutionNode = FALSE
	EndGlobalSection
	GlobalSection(ExtensibilityGlobals) = postSolution
		SolutionGuid = {5235B197-27DF-43FB-8275-DEA49BA82586}
	EndGlobalSection
EndGlobal
